# THIS IS AN AUTOGENERATED FILE. DO NOT EDIT THIS FILE DIRECTLY.
# yarn lockfile v1


asciichart@^1.5.25:
  version "1.5.25"
  resolved "https://registry.yarnpkg.com/asciichart/-/asciichart-1.5.25.tgz#f5aca189801b4e58019139bbb5922ab3cae3ca90"
  integrity sha512-PNxzXIPPOtWq8T7bgzBtk9cI2lgS4SJZthUHEiQ1aoIc3lNzGfUvIvo9LiAnq26TACo9t1/4qP6KTGAUbzX9Xg==
